
Microsoft Visual Studio Solution File, Format Version 12.00
# Visual Studio Version 17
VisualStudioVersion = 17.6.33815.320
MinimumVisualStudioVersion = 10.0.40219.1
Project("{FAE04EC0-301F-11D3-BF4B-00C04F79EFBC}") = "MovieTask", "MovieTask\MovieTask.csproj", "{5D5600DB-5C90-494C-B436-779E858CCCA2}"
EndProject
Global
	GlobalSection(SolutionConfigurationPlatforms) = preSolution
		Debug|Any CPU = Debug|Any CPU
		Release|Any CPU = Release|Any CPU
	EndGlobalSection
	GlobalSection(ProjectConfigurationPlatforms) = postSolution
		{5D5600DB-5C90-494C-B436-779E858CCCA2}.Debug|Any CPU.ActiveCfg = Debug|Any CPU
		{5D5600DB-5C90-494C-B436-779E858CCCA2}.Debug|Any CPU.Build.0 = Debug|Any CPU
		{5D5600DB-5C90-494C-B436-779E858CCCA2}.Release|Any CPU.ActiveCfg = Release|Any CPU
		{5D5600DB-5C90-494C-B436-779E858CCCA2}.Release|Any CPU.Build.0 = Release|Any CPU
	EndGlobalSection
	GlobalSection(SolutionProperties) = preSolution
		HideSolutionNode = FALSE
	EndGlobalSection
	GlobalSection(ExtensibilityGlobals) = postSolution
		SolutionGuid = {6586984F-E919-437E-B1E5-DA30D5F89573}
	EndGlobalSection
EndGlobal
